
Microsoft Visual Studio Solution File, Format Version 12.00
# Visual Studio Version 16
VisualStudioVersion = 16.0.32630.194
MinimumVisualStudioVersion = 10.0.40219.1
Project("{FAE04EC0-301F-11D3-BF4B-00C04F79EFBC}") = "HW_10_class_Fraction_overloading_operators", "HW_10_class_Fraction_overloading_operators\HW_10_class_Fraction_overloading_operators.csproj", "{AE1F21EE-C974-4350-BBE0-2BF5D1DB81A7}"
EndProject
Global
	GlobalSection(SolutionConfigurationPlatforms) = preSolution
		Debug|Any CPU = Debug|Any CPU
		Release|Any CPU = Release|Any CPU
	EndGlobalSection
	GlobalSection(ProjectConfigurationPlatforms) = postSolution
		{AE1F21EE-C974-4350-BBE0-2BF5D1DB81A7}.Debug|Any CPU.ActiveCfg = Debug|Any CPU
		{AE1F21EE-C974-4350-BBE0-2BF5D1DB81A7}.Debug|Any CPU.Build.0 = Debug|Any CPU
		{AE1F21EE-C974-4350-BBE0-2BF5D1DB81A7}.Release|Any CPU.ActiveCfg = Release|Any CPU
		{AE1F21EE-C974-4350-BBE0-2BF5D1DB81A7}.Release|Any CPU.Build.0 = Release|Any CPU
	EndGlobalSection
	GlobalSection(SolutionProperties) = preSolution
		HideSolutionNode = FALSE
	EndGlobalSection
	GlobalSection(ExtensibilityGlobals) = postSolution
		SolutionGuid = {B8CAE910-626F-4E36-BB3C-08FDA164858B}
	EndGlobalSection
EndGlobal
